
Microsoft Visual Studio Solution File, Format Version 12.00
# Visual Studio Version 16
VisualStudioVersion = 16.0.29709.97
MinimumVisualStudioVersion = 10.0.40219.1
Project("{FAE04EC0-301F-11D3-BF4B-00C04F79EFBC}") = "Bank", "Bank\Bank.csproj", "{30360E5C-1F6A-474A-AB3A-ED7E7C294D48}"
EndProject
Project("{FAE04EC0-301F-11D3-BF4B-00C04F79EFBC}") = "BankTest", "BankTest\BankTest.csproj", "{A282A69F-0C7E-4659-ACD8-3549F77F0123}"
EndProject
Global
	GlobalSection(SolutionConfigurationPlatforms) = preSolution
		Debug|Any CPU = Debug|Any CPU
		Release|Any CPU = Release|Any CPU
	EndGlobalSection
	GlobalSection(ProjectConfigurationPlatforms) = postSolution
		{30360E5C-1F6A-474A-AB3A-ED7E7C294D48}.Debug|Any CPU.ActiveCfg = Debug|Any CPU
		{30360E5C-1F6A-474A-AB3A-ED7E7C294D48}.Debug|Any CPU.Build.0 = Debug|Any CPU
		{30360E5C-1F6A-474A-AB3A-ED7E7C294D48}.Release|Any CPU.ActiveCfg = Release|Any CPU
		{30360E5C-1F6A-474A-AB3A-ED7E7C294D48}.Release|Any CPU.Build.0 = Release|Any CPU
		{A282A69F-0C7E-4659-ACD8-3549F77F0123}.Debug|Any CPU.ActiveCfg = Debug|Any CPU
		{A282A69F-0C7E-4659-ACD8-3549F77F0123}.Debug|Any CPU.Build.0 = Debug|Any CPU
		{A282A69F-0C7E-4659-ACD8-3549F77F0123}.Release|Any CPU.ActiveCfg = Release|Any CPU
		{A282A69F-0C7E-4659-ACD8-3549F77F0123}.Release|Any CPU.Build.0 = Release|Any CPU
	EndGlobalSection
	GlobalSection(SolutionProperties) = preSolution
		HideSolutionNode = FALSE
	EndGlobalSection
	GlobalSection(ExtensibilityGlobals) = postSolution
		SolutionGuid = {12370CFD-38F5-4FF7-B754-8E95E66A3341}
	EndGlobalSection
EndGlobal
